
Microsoft Visual Studio Solution File, Format Version 12.00
# Visual Studio Version 17
VisualStudioVersion = 17.5.33516.290
MinimumVisualStudioVersion = 10.0.40219.1
Project("{9A19103F-16F7-4668-BE54-9A1E7A4F7556}") = "Clones", "Clones.csproj", "{4946FF5B-37A8-49C3-A8D7-A7CC75F80F25}"
EndProject
Global
	GlobalSection(SolutionConfigurationPlatforms) = preSolution
		Debug|Any CPU = Debug|Any CPU
		Release|Any CPU = Release|Any CPU
	EndGlobalSection
	GlobalSection(ProjectConfigurationPlatforms) = postSolution
		{4946FF5B-37A8-49C3-A8D7-A7CC75F80F25}.Debug|Any CPU.ActiveCfg = Debug|Any CPU
		{4946FF5B-37A8-49C3-A8D7-A7CC75F80F25}.Debug|Any CPU.Build.0 = Debug|Any CPU
		{4946FF5B-37A8-49C3-A8D7-A7CC75F80F25}.Release|Any CPU.ActiveCfg = Release|Any CPU
		{4946FF5B-37A8-49C3-A8D7-A7CC75F80F25}.Release|Any CPU.Build.0 = Release|Any CPU
	EndGlobalSection
	GlobalSection(SolutionProperties) = preSolution
		HideSolutionNode = FALSE
	EndGlobalSection
	GlobalSection(ExtensibilityGlobals) = postSolution
		SolutionGuid = {2B3C27F8-9073-44E4-B616-07114DA0A233}
	EndGlobalSection
EndGlobal
